
Microsoft Visual Studio Solution File, Format Version 12.00
# Visual Studio Version 17
VisualStudioVersion = 17.12.35527.113 d17.12
MinimumVisualStudioVersion = 10.0.40219.1
Project("{FAE04EC0-301F-11D3-BF4B-00C04F79EFBC}") = "Kontakt", "Kontakt\Kontakt.csproj", "{F273360C-8446-4082-AD76-71CAA6FADBFA}"
EndProject
Global
	GlobalSection(SolutionConfigurationPlatforms) = preSolution
		Debug|Any CPU = Debug|Any CPU
		Release|Any CPU = Release|Any CPU
	EndGlobalSection
	GlobalSection(ProjectConfigurationPlatforms) = postSolution
		{F273360C-8446-4082-AD76-71CAA6FADBFA}.Debug|Any CPU.ActiveCfg = Debug|Any CPU
		{F273360C-8446-4082-AD76-71CAA6FADBFA}.Debug|Any CPU.Build.0 = Debug|Any CPU
		{F273360C-8446-4082-AD76-71CAA6FADBFA}.Release|Any CPU.ActiveCfg = Release|Any CPU
		{F273360C-8446-4082-AD76-71CAA6FADBFA}.Release|Any CPU.Build.0 = Release|Any CPU
	EndGlobalSection
	GlobalSection(SolutionProperties) = preSolution
		HideSolutionNode = FALSE
	EndGlobalSection
EndGlobal
